{
  "version": 4,
  "terraform_version": "0.14.2",
  "serial": 294,
  "lineage": "c5e474c9-e2e8-642a-08b4-a5af7a221b4a",
  "outputs": {
    "config_map_aws_auth": {
      "value": "---\napiVersion: v1\nkind: ConfigMap\nmetadata:\n  name: aws-auth\n  namespace: kube-system\ndata:\n  mapRoles: |\n    - rolearn: arn:aws:iam::138528343491:role/eks-node\n      username: system:node:{{EC2PrivateDNSName}}\n      groups:\n        - system:bootstrappers\n        - system:nodes\n",
      "type": "string"
    },
    "kubeconfig": {
      "value": "apiVersion: v1\nclusters:\n- cluster:\n    server: https://4D7D4ADC89E7921EA4C304635EE016D8.yl4.us-west-2.eks.amazonaws.com\n    certificate-authority-data: LS0tLS1CRUdJTiBDRVJUSUZJQ0FURS0tLS0tCk1JSUM1ekNDQWMrZ0F3SUJBZ0lCQURBTkJna3Foa2lHOXcwQkFRc0ZBREFWTVJNd0VRWURWUVFERXdwcmRXSmwKY201bGRHVnpNQjRYRFRJeE1EVXhNekUwTURVd01Gb1hEVE14TURVeE1URTBNRFV3TUZvd0ZURVRNQkVHQTFVRQpBeE1LYTNWaVpYSnVaWFJsY3pDQ0FTSXdEUVlKS29aSWh2Y05BUUVCQlFBRGdnRVBBRENDQVFvQ2dnRUJBTkV5CmVuT1pYSkZLazZ0cnlLcnkyVng5dDVFbzUrbDZ0U3dPaFVhWGNndnVqRnVoSit6c2ZZdVBjblQ5ZGNneitRR0YKZ3ljYVlCWUxzNHBNM1o1UGRUQVNyaVEzWEVqN3g3OHBJclVQZDl5SzU2cUtHVGt4SjR5WlV2MXlscS9UQWZDLwpySzBpUFNKSS9SMUtFYmY1K1Z4OXpZTVMrdFprQXE3NGZSRmFNKzhQMHhnd2grSG8wc2NtbmVxd0g2M1MrNXlnCkw4UXFCTGZIeUlPY29UQkxoTGFUUUlXWVlLemUzWFhORm4wM0tQNWNQcTh4RGY1bVl6aUJFYlpZV3FiNThOQksKWU9ueWh2YXlFL3ZvZ1JnaE5jUHEvWjF3cE9iUGpEeDgwa2s1cTFrVWEzQlVQeHBMWWdzWVRLM3VSZEdjS3dseQpxV0doWnNtQ29XczJERHVreTlVQ0F3RUFBYU5DTUVBd0RnWURWUjBQQVFIL0JBUURBZ0trTUE4R0ExVWRFd0VCCi93UUZNQU1CQWY4d0hRWURWUjBPQkJZRUZCS0E1YWpxOGJVSDhZVklzdDh3NnM0ZHVPUkxNQTBHQ1NxR1NJYjMKRFFFQkN3VUFBNElCQVFCaVM5cFc1NW15TGEyTVJRTGRsZTI4V3Y2UEt4V3E1UWl3amxGeHJLVG1ydjA2b3lVNwpXUm8zOGJRck9lOC9RQktNbkNMWmMycldJTTZkTjBNNFRoUWVuTW5XSUVQUy9CL2pIeEtzZ2NIbFlyK0pzdTNEClh2TW1Zb084bWF1SzZQa3oyaGpIakdudDRqRm5Hb2J1SFpTdDNJMHB6U2ZFeTdTYWJCK3hkYytlcWRlMXR1aXMKekFDL0VIa281OXdzOFZpZXlzaHI5ankrMUNudEF3OGI2VGphRWNjbTVTaXA3M29VNlFSWWNGUmRJdjk0a2Z6ZwpxbDh5ZzI3aVpFS01zUERia1N1NCtFUFZWQjBjTDJqZEp1ZTM5NG00VkZkcWJ4T0h0QUM1aWVGaEI3RHNoakoyCnhIa0dTdDBjY0pjazVUc0pTK0NndjNqL000ZXlBVGJmRjU1SgotLS0tLUVORCBDRVJUSUZJQ0FURS0tLS0tCg==\n  name: kubernetes\ncontexts:\n- context:\n    cluster: kubernetes\n    user: aws\n  name: aws\ncurrent-context: aws\nkind: Config\npreferences: {}\nusers:\n- name: aws\n  user:\n    exec:\n      apiVersion: client.authentication.k8s.io/v1alpha1\n      command: aws-iam-authenticator\n      args:\n        - \"token\"\n        - \"-i\"\n        - \"eks-cluster\"\n",
      "type": "string"
    }
  },
  "resources": [
    {
      "mode": "data",
      "type": "aws_ami",
      "name": "eks-worker",
      "provider": "provider[\"registry.terraform.io/hashicorp/aws\"]",
      "instances": [
        {
          "schema_version": 0,
          "attributes": {
            "architecture": "x86_64",
            "arn": "arn:aws:ec2:us-west-2::image/ami-01a9605bd94e3d03d",
            "block_device_mappings": [
              {
                "device_name": "/dev/xvda",
                "ebs": {
                  "delete_on_termination": "true",
                  "encrypted": "false",
                  "iops": "0",
                  "snapshot_id": "snap-070ca4be9698802d6",
                  "throughput": "0",
                  "volume_size": "20",
                  "volume_type": "gp2"
                },
                "no_device": "",
                "virtual_name": ""
              }
            ],
            "creation_date": "2021-05-04T11:19:20.000Z",
            "description": "EKS Kubernetes Worker AMI with AmazonLinux2 image, (k8s: 1.19.6, docker: 19.03.13ce-1.amzn2, containerd: 1.4.1-2.amzn2)",
            "ena_support": true,
            "executable_users": null,
            "filter": [
              {
                "name": "name",
                "values": [
                  "amazon-eks-node-1.19-v*"
                ]
              }
            ],
            "hypervisor": "xen",
            "id": "ami-01a9605bd94e3d03d",
            "image_id": "ami-01a9605bd94e3d03d",
            "image_location": "amazon/amazon-eks-node-1.19-v20210504",
            "image_owner_alias": "amazon",
            "image_type": "machine",
            "kernel_id": null,
            "most_recent": true,
            "name": "amazon-eks-node-1.19-v20210504",
            "name_regex": null,
            "owner_id": "602401143452",
            "owners": [
              "602401143452"
            ],
            "platform": null,
            "platform_details": "Linux/UNIX",
            "product_codes": [],
            "public": true,
            "ramdisk_id": null,
            "root_device_name": "/dev/xvda",
            "root_device_type": "ebs",
            "root_snapshot_id": "snap-070ca4be9698802d6",
            "sriov_net_support": "simple",
            "state": "available",
            "state_reason": {
              "code": "UNSET",
              "message": "UNSET"
            },
            "tags": {},
            "usage_operation": "RunInstances",
            "virtualization_type": "hvm"
          },
          "sensitive_attributes": []
        }
      ]
    },
    {
      "mode": "data",
      "type": "aws_availability_zones",
      "name": "available",
      "provider": "provider[\"registry.terraform.io/hashicorp/aws\"]",
      "instances": [
        {
          "schema_version": 0,
          "attributes": {
            "all_availability_zones": null,
            "exclude_names": null,
            "exclude_zone_ids": null,
            "filter": null,
            "group_names": [
              "us-west-2"
            ],
            "id": "us-west-2",
            "names": [
              "us-west-2a",
              "us-west-2b",
              "us-west-2c",
              "us-west-2d"
            ],
            "state": null,
            "zone_ids": [
              "usw2-az1",
              "usw2-az2",
              "usw2-az3",
              "usw2-az4"
            ]
          },
          "sensitive_attributes": []
        }
      ]
    },
    {
      "mode": "data",
      "type": "aws_region",
      "name": "current",
      "provider": "provider[\"registry.terraform.io/hashicorp/aws\"]",
      "instances": [
        {
          "schema_version": 0,
          "attributes": {
            "description": "US West (Oregon)",
            "endpoint": "ec2.us-west-2.amazonaws.com",
            "id": "us-west-2",
            "name": "us-west-2"
          },
          "sensitive_attributes": []
        }
      ]
    },
    {
      "mode": "managed",
      "type": "aws_autoscaling_group",
      "name": "eks",
      "provider": "provider[\"registry.terraform.io/hashicorp/aws\"]",
      "instances": [
        {
          "schema_version": 0,
          "attributes": {
            "arn": "arn:aws:autoscaling:us-west-2:138528343491:autoScalingGroup:893ecadb-52ca-44e8-a1a6-ec2a407ee820:autoScalingGroupName/eks",
            "availability_zones": [
              "us-west-2a",
              "us-west-2b"
            ],
            "capacity_rebalance": false,
            "default_cooldown": 300,
            "desired_capacity": 4,
            "enabled_metrics": null,
            "force_delete": false,
            "force_delete_warm_pool": false,
            "health_check_grace_period": 300,
            "health_check_type": "EC2",
            "id": "eks",
            "initial_lifecycle_hook": [],
            "instance_refresh": [],
            "launch_configuration": "eks20210513141016807200000006",
            "launch_template": [],
            "load_balancers": null,
            "max_instance_lifetime": 0,
            "max_size": 4,
            "metrics_granularity": "1Minute",
            "min_elb_capacity": null,
            "min_size": 1,
            "mixed_instances_policy": [],
            "name": "eks",
            "name_prefix": null,
            "placement_group": "",
            "protect_from_scale_in": false,
            "service_linked_role_arn": "arn:aws:iam::138528343491:role/aws-service-role/autoscaling.amazonaws.com/AWSServiceRoleForAutoScaling",
            "suspended_processes": null,
            "tag": [
              {
                "key": "Name",
                "propagate_at_launch": true,
                "value": "eks"
              },
              {
                "key": "kubernetes.io/cluster/eks-cluster",
                "propagate_at_launch": true,
                "value": "owned"
              }
            ],
            "tags": null,
            "target_group_arns": null,
            "termination_policies": null,
            "timeouts": null,
            "vpc_zone_identifier": [
              "subnet-0771b92ba095e55c3",
              "subnet-087504e8ed4dfa897"
            ],
            "wait_for_capacity_timeout": "10m",
            "wait_for_elb_capacity": null,
            "warm_pool": []
          },
          "sensitive_attributes": [],
          "private": "eyJlMmJmYjczMC1lY2FhLTExZTYtOGY4OC0zNDM2M2JjN2M0YzAiOnsiZGVsZXRlIjo2MDAwMDAwMDAwMDB9fQ==",
          "dependencies": [
            "aws_eks_cluster.eks",
            "aws_iam_instance_profile.eks-node",
            "aws_iam_role.eks-cluster",
            "aws_iam_role.eks-node",
            "aws_iam_role_policy_attachment.eks-cluster-AmazonEKSClusterPolicy",
            "aws_iam_role_policy_attachment.eks-cluster-AmazonEKSServicePolicy",
            "aws_launch_configuration.eks",
            "aws_security_group.eks-cluster",
            "aws_security_group.eks-node",
            "aws_subnet.eks",
            "aws_vpc.eks",
            "data.aws_ami.eks-worker",
            "data.aws_availability_zones.available"
          ]
        }
      ]
    },
    {
      "mode": "managed",
      "type": "aws_eks_cluster",
      "name": "eks",
      "provider": "provider[\"registry.terraform.io/hashicorp/aws\"]",
      "instances": [
        {
          "schema_version": 0,
          "attributes": {
            "arn": "arn:aws:eks:us-west-2:138528343491:cluster/eks-cluster",
            "certificate_authority": [
              {
                "data": "LS0tLS1CRUdJTiBDRVJUSUZJQ0FURS0tLS0tCk1JSUM1ekNDQWMrZ0F3SUJBZ0lCQURBTkJna3Foa2lHOXcwQkFRc0ZBREFWTVJNd0VRWURWUVFERXdwcmRXSmwKY201bGRHVnpNQjRYRFRJeE1EVXhNekUwTURVd01Gb1hEVE14TURVeE1URTBNRFV3TUZvd0ZURVRNQkVHQTFVRQpBeE1LYTNWaVpYSnVaWFJsY3pDQ0FTSXdEUVlKS29aSWh2Y05BUUVCQlFBRGdnRVBBRENDQVFvQ2dnRUJBTkV5CmVuT1pYSkZLazZ0cnlLcnkyVng5dDVFbzUrbDZ0U3dPaFVhWGNndnVqRnVoSit6c2ZZdVBjblQ5ZGNneitRR0YKZ3ljYVlCWUxzNHBNM1o1UGRUQVNyaVEzWEVqN3g3OHBJclVQZDl5SzU2cUtHVGt4SjR5WlV2MXlscS9UQWZDLwpySzBpUFNKSS9SMUtFYmY1K1Z4OXpZTVMrdFprQXE3NGZSRmFNKzhQMHhnd2grSG8wc2NtbmVxd0g2M1MrNXlnCkw4UXFCTGZIeUlPY29UQkxoTGFUUUlXWVlLemUzWFhORm4wM0tQNWNQcTh4RGY1bVl6aUJFYlpZV3FiNThOQksKWU9ueWh2YXlFL3ZvZ1JnaE5jUHEvWjF3cE9iUGpEeDgwa2s1cTFrVWEzQlVQeHBMWWdzWVRLM3VSZEdjS3dseQpxV0doWnNtQ29XczJERHVreTlVQ0F3RUFBYU5DTUVBd0RnWURWUjBQQVFIL0JBUURBZ0trTUE4R0ExVWRFd0VCCi93UUZNQU1CQWY4d0hRWURWUjBPQkJZRUZCS0E1YWpxOGJVSDhZVklzdDh3NnM0ZHVPUkxNQTBHQ1NxR1NJYjMKRFFFQkN3VUFBNElCQVFCaVM5cFc1NW15TGEyTVJRTGRsZTI4V3Y2UEt4V3E1UWl3amxGeHJLVG1ydjA2b3lVNwpXUm8zOGJRck9lOC9RQktNbkNMWmMycldJTTZkTjBNNFRoUWVuTW5XSUVQUy9CL2pIeEtzZ2NIbFlyK0pzdTNEClh2TW1Zb084bWF1SzZQa3oyaGpIakdudDRqRm5Hb2J1SFpTdDNJMHB6U2ZFeTdTYWJCK3hkYytlcWRlMXR1aXMKekFDL0VIa281OXdzOFZpZXlzaHI5ankrMUNudEF3OGI2VGphRWNjbTVTaXA3M29VNlFSWWNGUmRJdjk0a2Z6ZwpxbDh5ZzI3aVpFS01zUERia1N1NCtFUFZWQjBjTDJqZEp1ZTM5NG00VkZkcWJ4T0h0QUM1aWVGaEI3RHNoakoyCnhIa0dTdDBjY0pjazVUc0pTK0NndjNqL000ZXlBVGJmRjU1SgotLS0tLUVORCBDRVJUSUZJQ0FURS0tLS0tCg=="
              }
            ],
            "created_at": "2021-05-13 13:58:57.114 +0000 UTC",
            "enabled_cluster_log_types": null,
            "encryption_config": [],
            "endpoint": "https://4D7D4ADC89E7921EA4C304635EE016D8.yl4.us-west-2.eks.amazonaws.com",
            "id": "eks-cluster",
            "identity": [
              {
                "oidc": [
                  {
                    "issuer": "https://oidc.eks.us-west-2.amazonaws.com/id/4D7D4ADC89E7921EA4C304635EE016D8"
                  }
                ]
              }
            ],
            "kubernetes_network_config": [
              {
                "service_ipv4_cidr": "172.20.0.0/16"
              }
            ],
            "name": "eks-cluster",
            "platform_version": "eks.4",
            "role_arn": "arn:aws:iam::138528343491:role/eks-cluster",
            "status": "ACTIVE",
            "tags": null,
            "tags_all": {},
            "timeouts": null,
            "version": "1.19",
            "vpc_config": [
              {
                "cluster_security_group_id": "sg-096a1f86a570500a9",
                "endpoint_private_access": false,
                "endpoint_public_access": true,
                "public_access_cidrs": [
                  "0.0.0.0/0"
                ],
                "security_group_ids": [
                  "sg-0bd6309d584892d88"
                ],
                "subnet_ids": [
                  "subnet-0771b92ba095e55c3",
                  "subnet-087504e8ed4dfa897"
                ],
                "vpc_id": "vpc-0b9ccfe068ed7fbe9"
              }
            ]
          },
          "sensitive_attributes": [],
          "private": "eyJlMmJmYjczMC1lY2FhLTExZTYtOGY4OC0zNDM2M2JjN2M0YzAiOnsiY3JlYXRlIjoxODAwMDAwMDAwMDAwLCJkZWxldGUiOjkwMDAwMDAwMDAwMCwidXBkYXRlIjozNjAwMDAwMDAwMDAwfX0=",
          "dependencies": [
            "aws_iam_role.eks-cluster",
            "aws_iam_role_policy_attachment.eks-cluster-AmazonEKSClusterPolicy",
            "aws_iam_role_policy_attachment.eks-cluster-AmazonEKSServicePolicy",
            "aws_security_group.eks-cluster",
            "aws_subnet.eks",
            "aws_vpc.eks",
            "data.aws_availability_zones.available"
          ],
          "create_before_destroy": true
        }
      ]
    },
    {
      "mode": "managed",
      "type": "aws_iam_instance_profile",
      "name": "eks-node",
      "provider": "provider[\"registry.terraform.io/hashicorp/aws\"]",
      "instances": [
        {
          "schema_version": 0,
          "attributes": {
            "arn": "arn:aws:iam::138528343491:instance-profile/eks-node",
            "create_date": "2021-05-13T13:58:38Z",
            "id": "eks-node",
            "name": "eks-node",
            "name_prefix": null,
            "path": "/",
            "role": "eks-node",
            "tags": null,
            "tags_all": {},
            "unique_id": "AIPASAQHOYXBYX3D35MZR"
          },
          "sensitive_attributes": [],
          "private": "bnVsbA==",
          "dependencies": [
            "aws_iam_role.eks-node"
          ],
          "create_before_destroy": true
        }
      ]
    },
    {
      "mode": "managed",
      "type": "aws_iam_role",
      "name": "eks-cluster",
      "provider": "provider[\"registry.terraform.io/hashicorp/aws\"]",
      "instances": [
        {
          "schema_version": 0,
          "attributes": {
            "arn": "arn:aws:iam::138528343491:role/eks-cluster",
            "assume_role_policy": "{\"Version\":\"2012-10-17\",\"Statement\":[{\"Effect\":\"Allow\",\"Principal\":{\"Service\":\"eks.amazonaws.com\"},\"Action\":\"sts:AssumeRole\"}]}",
            "create_date": "2021-05-13T13:58:34Z",
            "description": "",
            "force_detach_policies": false,
            "id": "eks-cluster",
            "inline_policy": [
              {
                "name": "",
                "policy": ""
              }
            ],
            "managed_policy_arns": [],
            "max_session_duration": 3600,
            "name": "eks-cluster",
            "name_prefix": null,
            "path": "/",
            "permissions_boundary": null,
            "tags": null,
            "tags_all": {},
            "unique_id": "AROASAQHOYXBSBDTAPKCU"
          },
          "sensitive_attributes": [],
          "private": "bnVsbA==",
          "create_before_destroy": true
        }
      ]
    },
    {
      "mode": "managed",
      "type": "aws_iam_role",
      "name": "eks-node",
      "provider": "provider[\"registry.terraform.io/hashicorp/aws\"]",
      "instances": [
        {
          "schema_version": 0,
          "attributes": {
            "arn": "arn:aws:iam::138528343491:role/eks-node",
            "assume_role_policy": "{\"Version\":\"2012-10-17\",\"Statement\":[{\"Effect\":\"Allow\",\"Principal\":{\"Service\":\"ec2.amazonaws.com\"},\"Action\":\"sts:AssumeRole\"}]}",
            "create_date": "2021-05-13T13:58:34Z",
            "description": "",
            "force_detach_policies": false,
            "id": "eks-node",
            "inline_policy": [
              {
                "name": "",
                "policy": ""
              }
            ],
            "managed_policy_arns": [],
            "max_session_duration": 3600,
            "name": "eks-node",
            "name_prefix": null,
            "path": "/",
            "permissions_boundary": null,
            "tags": null,
            "tags_all": {},
            "unique_id": "AROASAQHOYXB76SNXKA7X"
          },
          "sensitive_attributes": [],
          "private": "bnVsbA==",
          "create_before_destroy": true
        }
      ]
    },
    {
      "mode": "managed",
      "type": "aws_iam_role_policy_attachment",
      "name": "eks-cluster-AmazonEKSClusterPolicy",
      "provider": "provider[\"registry.terraform.io/hashicorp/aws\"]",
      "instances": [
        {
          "schema_version": 0,
          "attributes": {
            "id": "eks-cluster-20210513135838736600000005",
            "policy_arn": "arn:aws:iam::aws:policy/AmazonEKSClusterPolicy",
            "role": "eks-cluster"
          },
          "sensitive_attributes": [],
          "private": "bnVsbA==",
          "dependencies": [
            "aws_iam_role.eks-cluster"
          ],
          "create_before_destroy": true
        }
      ]
    },
    {
      "mode": "managed",
      "type": "aws_iam_role_policy_attachment",
      "name": "eks-cluster-AmazonEKSServicePolicy",
      "provider": "provider[\"registry.terraform.io/hashicorp/aws\"]",
      "instances": [
        {
          "schema_version": 0,
          "attributes": {
            "id": "eks-cluster-20210513135838729500000004",
            "policy_arn": "arn:aws:iam::aws:policy/AmazonEKSServicePolicy",
            "role": "eks-cluster"
          },
          "sensitive_attributes": [],
          "private": "bnVsbA==",
          "dependencies": [
            "aws_iam_role.eks-cluster"
          ],
          "create_before_destroy": true
        }
      ]
    },
    {
      "mode": "managed",
      "type": "aws_iam_role_policy_attachment",
      "name": "eks-node-AmazonEC2ContainerRegistryReadOnly",
      "provider": "provider[\"registry.terraform.io/hashicorp/aws\"]",
      "instances": [
        {
          "schema_version": 0,
          "attributes": {
            "id": "eks-node-20210513135838709400000003",
            "policy_arn": "arn:aws:iam::aws:policy/AmazonEC2ContainerRegistryReadOnly",
            "role": "eks-node"
          },
          "sensitive_attributes": [],
          "private": "bnVsbA==",
          "dependencies": [
            "aws_iam_role.eks-node"
          ]
        }
      ]
    },
    {
      "mode": "managed",
      "type": "aws_iam_role_policy_attachment",
      "name": "eks-node-AmazonEKSWorkerNodePolicy",
      "provider": "provider[\"registry.terraform.io/hashicorp/aws\"]",
      "instances": [
        {
          "schema_version": 0,
          "attributes": {
            "id": "eks-node-20210513135838671300000001",
            "policy_arn": "arn:aws:iam::aws:policy/AmazonEKSWorkerNodePolicy",
            "role": "eks-node"
          },
          "sensitive_attributes": [],
          "private": "bnVsbA==",
          "dependencies": [
            "aws_iam_role.eks-node"
          ]
        }
      ]
    },
    {
      "mode": "managed",
      "type": "aws_iam_role_policy_attachment",
      "name": "eks-node-AmazonEKS_CNI_Policy",
      "provider": "provider[\"registry.terraform.io/hashicorp/aws\"]",
      "instances": [
        {
          "schema_version": 0,
          "attributes": {
            "id": "eks-node-20210513135838707900000002",
            "policy_arn": "arn:aws:iam::aws:policy/AmazonEKS_CNI_Policy",
            "role": "eks-node"
          },
          "sensitive_attributes": [],
          "private": "bnVsbA==",
          "dependencies": [
            "aws_iam_role.eks-node"
          ]
        }
      ]
    },
    {
      "mode": "managed",
      "type": "aws_internet_gateway",
      "name": "eks-nat",
      "provider": "provider[\"registry.terraform.io/hashicorp/aws\"]",
      "instances": [
        {
          "schema_version": 0,
          "attributes": {
            "arn": "arn:aws:ec2:us-west-2:138528343491:internet-gateway/igw-0f5fff5bf44e723b0",
            "id": "igw-0f5fff5bf44e723b0",
            "owner_id": "138528343491",
            "tags": {
              "Name": "eks"
            },
            "tags_all": {
              "Name": "eks"
            },
            "vpc_id": "vpc-0b9ccfe068ed7fbe9"
          },
          "sensitive_attributes": [],
          "private": "bnVsbA==",
          "dependencies": [
            "aws_vpc.eks"
          ]
        }
      ]
    },
    {
      "mode": "managed",
      "type": "aws_launch_configuration",
      "name": "eks",
      "provider": "provider[\"registry.terraform.io/hashicorp/aws\"]",
      "instances": [
        {
          "schema_version": 0,
          "attributes": {
            "arn": "arn:aws:autoscaling:us-west-2:138528343491:launchConfiguration:d07928a9-f59b-4c8e-9826-973f69e7848b:launchConfigurationName/eks20210513141016807200000006",
            "associate_public_ip_address": true,
            "ebs_block_device": [],
            "ebs_optimized": false,
            "enable_monitoring": true,
            "ephemeral_block_device": [],
            "iam_instance_profile": "eks-node",
            "id": "eks20210513141016807200000006",
            "image_id": "ami-01a9605bd94e3d03d",
            "instance_type": "t2.micro",
            "key_name": "",
            "metadata_options": [],
            "name": "eks20210513141016807200000006",
            "name_prefix": "eks",
            "placement_tenancy": null,
            "root_block_device": [],
            "security_groups": [
              "sg-0e6d2d088796dbf37"
            ],
            "spot_price": "",
            "user_data": null,
            "user_data_base64": "IyEvYmluL2Jhc2gKc2V0IC1vIHh0cmFjZQovZXRjL2Vrcy9ib290c3RyYXAuc2ggLS1hcGlzZXJ2ZXItZW5kcG9pbnQgJ2h0dHBzOi8vNEQ3RDRBREM4OUU3OTIxRUE0QzMwNDYzNUVFMDE2RDgueWw0LnVzLXdlc3QtMi5la3MuYW1hem9uYXdzLmNvbScgLS1iNjQtY2x1c3Rlci1jYSAnTFMwdExTMUNSVWRKVGlCRFJWSlVTVVpKUTBGVVJTMHRMUzB0Q2sxSlNVTTFla05EUVdNclowRjNTVUpCWjBsQ1FVUkJUa0puYTNGb2EybEhPWGN3UWtGUmMwWkJSRUZXVFZKTmQwVlJXVVJXVVZGRVJYZHdjbVJYU213S1kyMDFiR1JIVm5wTlFqUllSRlJKZUUxRVZYaE5la1V3VFVSVmQwMUdiMWhFVkUxNFRVUlZlRTFVUlRCTlJGVjNUVVp2ZDBaVVJWUk5Ra1ZIUVRGVlJRcEJlRTFMWVROV2FWcFlTblZhV0ZKc1kzcERRMEZUU1hkRVVWbEtTMjlhU1doMlkwNUJVVVZDUWxGQlJHZG5SVkJCUkVORFFWRnZRMmRuUlVKQlRrVjVDbVZ1VDFwWVNrWkxhelowY25sTGNua3lWbmc1ZERWRmJ6VXJiRFowVTNkUGFGVmhXR05uZG5WcVJuVm9TaXQ2YzJaWmRWQmpibFE1WkdObmVpdFJSMFlLWjNsallWbENXVXh6TkhCTk0xbzFVR1JVUVZOeWFWRXpXRVZxTjNnM09IQkpjbFZRWkRsNVN6VTJjVXRIVkd0NFNqUjVXbFYyTVhsc2NTOVVRV1pETHdweVN6QnBVRk5LU1M5U01VdEZZbVkxSzFaNE9YcFpUVk1yZEZwclFYRTNOR1pTUm1GTkt6aFFNSGhuZDJnclNHOHdjMk50Ym1WeGQwZzJNMU1yTlhsbkNrdzRVWEZDVEdaSWVVbFBZMjlVUWt4b1RHRlVVVWxYV1ZsTGVtVXpXRmhPUm00d00wdFFOV05RY1RoNFJHWTFiVmw2YVVKRllscFpWM0ZpTlRoT1Frc0tXVTl1ZVdoMllYbEZMM1p2WjFKbmFFNWpVSEV2V2pGM2NFOWlVR3BFZURnd2EyczFjVEZyVldFelFsVlFlSEJNV1dkeldWUkxNM1ZTWkVkalMzZHNlUXB4VjBkb1duTnRRMjlYY3pKRVJIVnJlVGxWUTBGM1JVRkJZVTVEVFVWQmQwUm5XVVJXVWpCUVFWRklMMEpCVVVSQlowdHJUVUU0UjBFeFZXUkZkMFZDQ2k5M1VVWk5RVTFDUVdZNGQwaFJXVVJXVWpCUFFrSlpSVVpDUzBFMVlXcHhPR0pWU0RoWlZrbHpkRGgzTm5NMFpIVlBVa3hOUVRCSFExTnhSMU5KWWpNS1JGRkZRa04zVlVGQk5FbENRVkZDYVZNNWNGYzFOVzE1VEdFeVRWSlJUR1JzWlRJNFYzWTJVRXQ0VjNFMVVXbDNhbXhHZUhKTFZHMXlkakEyYjNsVk53cFhVbTh6T0dKUmNrOWxPQzlSUWt0TmJrTk1XbU15Y2xkSlRUWmtUakJOTkZSb1VXVnVUVzVYU1VWUVV5OUNMMnBJZUV0eloyTkliRmx5SzBwemRUTkVDbGgyVFcxWmIwODRiV0YxU3paUWEzb3lhR3BJYWtkdWREUnFSbTVIYjJKMVNGcFRkRE5KTUhCNlUyWkZlVGRUWVdKQ0szaGtZeXRsY1dSbE1YUjFhWE1LZWtGREwwVklhMjgxT1hkek9GWnBaWGx6YUhJNWFua3JNVU51ZEVGM09HSTJWR3BoUldOamJUVlRhWEEzTTI5Vk5sRlNXV05HVW1SSmRqazBhMlo2WndweGJEaDVaekkzYVZwRlMwMXpVRVJpYTFOMU5DdEZVRlpXUWpCalRESnFaRXAxWlRNNU5HMDBWa1prY1dKNFQwaDBRVU0xYVdWR2FFSTNSSE5vYWtveUNuaElhMGRUZERCalkwcGphelZVYzBwVEswTm5kak5xTDAwMFpYbEJWR0ptUmpVMVNnb3RMUzB0TFVWT1JDQkRSVkpVU1VaSlEwRlVSUzB0TFMwdENnPT0nICdla3MtY2x1c3RlcicK",
            "vpc_classic_link_id": "",
            "vpc_classic_link_security_groups": null
          },
          "sensitive_attributes": [],
          "private": "bnVsbA==",
          "dependencies": [
            "aws_eks_cluster.eks",
            "aws_iam_instance_profile.eks-node",
            "aws_iam_role.eks-cluster",
            "aws_iam_role.eks-node",
            "aws_iam_role_policy_attachment.eks-cluster-AmazonEKSClusterPolicy",
            "aws_iam_role_policy_attachment.eks-cluster-AmazonEKSServicePolicy",
            "aws_security_group.eks-cluster",
            "aws_security_group.eks-node",
            "aws_subnet.eks",
            "aws_vpc.eks",
            "data.aws_ami.eks-worker",
            "data.aws_availability_zones.available"
          ],
          "create_before_destroy": true
        }
      ]
    },
    {
      "mode": "managed",
      "type": "aws_route_table",
      "name": "eks-route",
      "provider": "provider[\"registry.terraform.io/hashicorp/aws\"]",
      "instances": [
        {
          "schema_version": 0,
          "attributes": {
            "arn": "arn:aws:ec2:us-west-2:138528343491:route-table/rtb-032fe1d1306e14ed7",
            "id": "rtb-032fe1d1306e14ed7",
            "owner_id": "138528343491",
            "propagating_vgws": [],
            "route": [
              {
                "carrier_gateway_id": "",
                "cidr_block": "0.0.0.0/0",
                "destination_prefix_list_id": "",
                "egress_only_gateway_id": "",
                "gateway_id": "igw-0f5fff5bf44e723b0",
                "instance_id": "",
                "ipv6_cidr_block": "",
                "local_gateway_id": "",
                "nat_gateway_id": "",
                "network_interface_id": "",
                "transit_gateway_id": "",
                "vpc_endpoint_id": "",
                "vpc_peering_connection_id": ""
              }
            ],
            "tags": null,
            "tags_all": {},
            "vpc_id": "vpc-0b9ccfe068ed7fbe9"
          },
          "sensitive_attributes": [],
          "private": "bnVsbA==",
          "dependencies": [
            "aws_internet_gateway.eks-nat",
            "aws_vpc.eks"
          ]
        }
      ]
    },
    {
      "mode": "managed",
      "type": "aws_route_table_association",
      "name": "eks",
      "provider": "provider[\"registry.terraform.io/hashicorp/aws\"]",
      "instances": [
        {
          "index_key": 0,
          "schema_version": 0,
          "attributes": {
            "gateway_id": null,
            "id": "rtbassoc-0512577f80c341753",
            "route_table_id": "rtb-032fe1d1306e14ed7",
            "subnet_id": "subnet-0771b92ba095e55c3"
          },
          "sensitive_attributes": [],
          "private": "bnVsbA==",
          "dependencies": [
            "aws_internet_gateway.eks-nat",
            "aws_route_table.eks-route",
            "aws_subnet.eks",
            "aws_vpc.eks",
            "data.aws_availability_zones.available"
          ]
        },
        {
          "index_key": 1,
          "schema_version": 0,
          "attributes": {
            "gateway_id": null,
            "id": "rtbassoc-0fa1d1d4d6afa361d",
            "route_table_id": "rtb-032fe1d1306e14ed7",
            "subnet_id": "subnet-087504e8ed4dfa897"
          },
          "sensitive_attributes": [],
          "private": "bnVsbA==",
          "dependencies": [
            "aws_internet_gateway.eks-nat",
            "aws_route_table.eks-route",
            "aws_subnet.eks",
            "aws_vpc.eks",
            "data.aws_availability_zones.available"
          ]
        }
      ]
    },
    {
      "mode": "managed",
      "type": "aws_security_group",
      "name": "eks-cluster",
      "provider": "provider[\"registry.terraform.io/hashicorp/aws\"]",
      "instances": [
        {
          "schema_version": 1,
          "attributes": {
            "arn": "arn:aws:ec2:us-west-2:138528343491:security-group/sg-0bd6309d584892d88",
            "description": "Cluster communication with worker nodes",
            "egress": [
              {
                "cidr_blocks": [
                  "0.0.0.0/0"
                ],
                "description": "",
                "from_port": 0,
                "ipv6_cidr_blocks": [],
                "prefix_list_ids": [],
                "protocol": "-1",
                "security_groups": [],
                "self": false,
                "to_port": 0
              }
            ],
            "id": "sg-0bd6309d584892d88",
            "ingress": [],
            "name": "eks-cluster",
            "name_prefix": "",
            "owner_id": "138528343491",
            "revoke_rules_on_delete": false,
            "tags": {
              "Name": "eks-cluster"
            },
            "tags_all": {
              "Name": "eks-cluster"
            },
            "timeouts": null,
            "vpc_id": "vpc-0b9ccfe068ed7fbe9"
          },
          "sensitive_attributes": [],
          "private": "eyJlMmJmYjczMC1lY2FhLTExZTYtOGY4OC0zNDM2M2JjN2M0YzAiOnsiY3JlYXRlIjo2MDAwMDAwMDAwMDAsImRlbGV0ZSI6OTAwMDAwMDAwMDAwfSwic2NoZW1hX3ZlcnNpb24iOiIxIn0=",
          "dependencies": [
            "aws_vpc.eks"
          ],
          "create_before_destroy": true
        }
      ]
    },
    {
      "mode": "managed",
      "type": "aws_security_group",
      "name": "eks-node",
      "provider": "provider[\"registry.terraform.io/hashicorp/aws\"]",
      "instances": [
        {
          "schema_version": 1,
          "attributes": {
            "arn": "arn:aws:ec2:us-west-2:138528343491:security-group/sg-0e6d2d088796dbf37",
            "description": "Security group for all nodes in the cluster",
            "egress": [
              {
                "cidr_blocks": [
                  "0.0.0.0/0"
                ],
                "description": "",
                "from_port": 0,
                "ipv6_cidr_blocks": [],
                "prefix_list_ids": [],
                "protocol": "-1",
                "security_groups": [],
                "self": false,
                "to_port": 0
              }
            ],
            "id": "sg-0e6d2d088796dbf37",
            "ingress": [],
            "name": "eks-node",
            "name_prefix": "",
            "owner_id": "138528343491",
            "revoke_rules_on_delete": false,
            "tags": {
              "Name": "eks-node",
              "kubernetes.io/cluster/eks-cluster": "owned"
            },
            "tags_all": {
              "Name": "eks-node",
              "kubernetes.io/cluster/eks-cluster": "owned"
            },
            "timeouts": null,
            "vpc_id": "vpc-0b9ccfe068ed7fbe9"
          },
          "sensitive_attributes": [],
          "private": "eyJlMmJmYjczMC1lY2FhLTExZTYtOGY4OC0zNDM2M2JjN2M0YzAiOnsiY3JlYXRlIjo2MDAwMDAwMDAwMDAsImRlbGV0ZSI6OTAwMDAwMDAwMDAwfSwic2NoZW1hX3ZlcnNpb24iOiIxIn0=",
          "dependencies": [
            "aws_vpc.eks"
          ],
          "create_before_destroy": true
        }
      ]
    },
    {
      "mode": "managed",
      "type": "aws_security_group_rule",
      "name": "eks-cluster-ingress-node-https",
      "provider": "provider[\"registry.terraform.io/hashicorp/aws\"]",
      "instances": [
        {
          "schema_version": 2,
          "attributes": {
            "cidr_blocks": null,
            "description": "Allow pods to communicate with the cluster API Server",
            "from_port": 443,
            "id": "sgrule-1783792678",
            "ipv6_cidr_blocks": null,
            "prefix_list_ids": null,
            "protocol": "tcp",
            "security_group_id": "sg-0bd6309d584892d88",
            "self": false,
            "source_security_group_id": "sg-0e6d2d088796dbf37",
            "to_port": 443,
            "type": "ingress"
          },
          "sensitive_attributes": [],
          "private": "eyJzY2hlbWFfdmVyc2lvbiI6IjIifQ==",
          "dependencies": [
            "aws_security_group.eks-cluster",
            "aws_security_group.eks-node",
            "aws_vpc.eks"
          ]
        }
      ]
    },
    {
      "mode": "managed",
      "type": "aws_security_group_rule",
      "name": "eks-node-ingress-cluster",
      "provider": "provider[\"registry.terraform.io/hashicorp/aws\"]",
      "instances": [
        {
          "schema_version": 2,
          "attributes": {
            "cidr_blocks": null,
            "description": "Allow worker Kubelets and pods to receive communication from the cluster control plane",
            "from_port": 1025,
            "id": "sgrule-685754698",
            "ipv6_cidr_blocks": null,
            "prefix_list_ids": null,
            "protocol": "tcp",
            "security_group_id": "sg-0e6d2d088796dbf37",
            "self": false,
            "source_security_group_id": "sg-0bd6309d584892d88",
            "to_port": 65535,
            "type": "ingress"
          },
          "sensitive_attributes": [],
          "private": "eyJzY2hlbWFfdmVyc2lvbiI6IjIifQ==",
          "dependencies": [
            "aws_security_group.eks-cluster",
            "aws_security_group.eks-node",
            "aws_vpc.eks"
          ]
        }
      ]
    },
    {
      "mode": "managed",
      "type": "aws_security_group_rule",
      "name": "eks-node-ingress-cluster-https",
      "provider": "provider[\"registry.terraform.io/hashicorp/aws\"]",
      "instances": [
        {
          "schema_version": 2,
          "attributes": {
            "cidr_blocks": null,
            "description": "Allow worker Kubelets and pods to receive communication from the cluster control plane",
            "from_port": 443,
            "id": "sgrule-3261134880",
            "ipv6_cidr_blocks": null,
            "prefix_list_ids": null,
            "protocol": "tcp",
            "security_group_id": "sg-0e6d2d088796dbf37",
            "self": false,
            "source_security_group_id": "sg-0bd6309d584892d88",
            "to_port": 443,
            "type": "ingress"
          },
          "sensitive_attributes": [],
          "private": "eyJzY2hlbWFfdmVyc2lvbiI6IjIifQ==",
          "dependencies": [
            "aws_security_group.eks-cluster",
            "aws_security_group.eks-node",
            "aws_vpc.eks"
          ]
        }
      ]
    },
    {
      "mode": "managed",
      "type": "aws_security_group_rule",
      "name": "eks-node-ingress-self",
      "provider": "provider[\"registry.terraform.io/hashicorp/aws\"]",
      "instances": [
        {
          "schema_version": 2,
          "attributes": {
            "cidr_blocks": null,
            "description": "Allow node to communicate with each other",
            "from_port": 0,
            "id": "sgrule-1285074683",
            "ipv6_cidr_blocks": null,
            "prefix_list_ids": null,
            "protocol": "-1",
            "security_group_id": "sg-0e6d2d088796dbf37",
            "self": false,
            "source_security_group_id": "sg-0e6d2d088796dbf37",
            "to_port": 65535,
            "type": "ingress"
          },
          "sensitive_attributes": [],
          "private": "eyJzY2hlbWFfdmVyc2lvbiI6IjIifQ==",
          "dependencies": [
            "aws_security_group.eks-node",
            "aws_vpc.eks"
          ]
        }
      ]
    },
    {
      "mode": "managed",
      "type": "aws_subnet",
      "name": "eks",
      "provider": "provider[\"registry.terraform.io/hashicorp/aws\"]",
      "instances": [
        {
          "index_key": 0,
          "schema_version": 1,
          "attributes": {
            "arn": "arn:aws:ec2:us-west-2:138528343491:subnet/subnet-0771b92ba095e55c3",
            "assign_ipv6_address_on_creation": false,
            "availability_zone": "us-west-2a",
            "availability_zone_id": "usw2-az1",
            "cidr_block": "10.0.0.0/24",
            "customer_owned_ipv4_pool": "",
            "id": "subnet-0771b92ba095e55c3",
            "ipv6_cidr_block": "",
            "ipv6_cidr_block_association_id": "",
            "map_customer_owned_ip_on_launch": false,
            "map_public_ip_on_launch": false,
            "outpost_arn": "",
            "owner_id": "138528343491",
            "tags": {
              "Name": "eks-node",
              "kubernetes.io/cluster/eks-cluster": "shared"
            },
            "tags_all": {
              "Name": "eks-node",
              "kubernetes.io/cluster/eks-cluster": "shared"
            },
            "timeouts": null,
            "vpc_id": "vpc-0b9ccfe068ed7fbe9"
          },
          "sensitive_attributes": [],
          "private": "eyJlMmJmYjczMC1lY2FhLTExZTYtOGY4OC0zNDM2M2JjN2M0YzAiOnsiY3JlYXRlIjo2MDAwMDAwMDAwMDAsImRlbGV0ZSI6MTIwMDAwMDAwMDAwMH0sInNjaGVtYV92ZXJzaW9uIjoiMSJ9",
          "dependencies": [
            "aws_vpc.eks",
            "data.aws_availability_zones.available"
          ],
          "create_before_destroy": true
        },
        {
          "index_key": 1,
          "schema_version": 1,
          "attributes": {
            "arn": "arn:aws:ec2:us-west-2:138528343491:subnet/subnet-087504e8ed4dfa897",
            "assign_ipv6_address_on_creation": false,
            "availability_zone": "us-west-2b",
            "availability_zone_id": "usw2-az2",
            "cidr_block": "10.0.1.0/24",
            "customer_owned_ipv4_pool": "",
            "id": "subnet-087504e8ed4dfa897",
            "ipv6_cidr_block": "",
            "ipv6_cidr_block_association_id": "",
            "map_customer_owned_ip_on_launch": false,
            "map_public_ip_on_launch": false,
            "outpost_arn": "",
            "owner_id": "138528343491",
            "tags": {
              "Name": "eks-node",
              "kubernetes.io/cluster/eks-cluster": "shared"
            },
            "tags_all": {
              "Name": "eks-node",
              "kubernetes.io/cluster/eks-cluster": "shared"
            },
            "timeouts": null,
            "vpc_id": "vpc-0b9ccfe068ed7fbe9"
          },
          "sensitive_attributes": [],
          "private": "eyJlMmJmYjczMC1lY2FhLTExZTYtOGY4OC0zNDM2M2JjN2M0YzAiOnsiY3JlYXRlIjo2MDAwMDAwMDAwMDAsImRlbGV0ZSI6MTIwMDAwMDAwMDAwMH0sInNjaGVtYV92ZXJzaW9uIjoiMSJ9",
          "dependencies": [
            "aws_vpc.eks",
            "data.aws_availability_zones.available"
          ],
          "create_before_destroy": true
        }
      ]
    },
    {
      "mode": "managed",
      "type": "aws_vpc",
      "name": "eks",
      "provider": "provider[\"registry.terraform.io/hashicorp/aws\"]",
      "instances": [
        {
          "schema_version": 1,
          "attributes": {
            "arn": "arn:aws:ec2:us-west-2:138528343491:vpc/vpc-0b9ccfe068ed7fbe9",
            "assign_generated_ipv6_cidr_block": false,
            "cidr_block": "10.0.0.0/16",
            "default_network_acl_id": "acl-0c8aaaa12d5a061c2",
            "default_route_table_id": "rtb-003a9f7796e9a9c5b",
            "default_security_group_id": "sg-04140a040040a1eea",
            "dhcp_options_id": "dopt-87b2eaff",
            "enable_classiclink": false,
            "enable_classiclink_dns_support": false,
            "enable_dns_hostnames": false,
            "enable_dns_support": true,
            "id": "vpc-0b9ccfe068ed7fbe9",
            "instance_tenancy": "default",
            "ipv6_association_id": "",
            "ipv6_cidr_block": "",
            "main_route_table_id": "rtb-003a9f7796e9a9c5b",
            "owner_id": "138528343491",
            "tags": {
              "Name": "eks-node",
              "kubernetes.io/cluster/eks-cluster": "shared"
            },
            "tags_all": {
              "Name": "eks-node",
              "kubernetes.io/cluster/eks-cluster": "shared"
            }
          },
          "sensitive_attributes": [],
          "private": "eyJzY2hlbWFfdmVyc2lvbiI6IjEifQ==",
          "create_before_destroy": true
        }
      ]
    }
  ]
}
