{
  "version": 4,
  "terraform_version": "0.14.2",
  "serial": 310,
  "lineage": "c5e474c9-e2e8-642a-08b4-a5af7a221b4a",
  "outputs": {},
  "resources": [
    {
      "mode": "data",
      "type": "aws_availability_zones",
      "name": "available",
      "provider": "provider[\"registry.terraform.io/hashicorp/aws\"]",
      "instances": [
        {
          "schema_version": 0,
          "attributes": {
            "all_availability_zones": null,
            "exclude_names": null,
            "exclude_zone_ids": null,
            "filter": null,
            "group_names": [
              "us-west-2"
            ],
            "id": "us-west-2",
            "names": [
              "us-west-2a",
              "us-west-2b",
              "us-west-2c",
              "us-west-2d"
            ],
            "state": null,
            "zone_ids": [
              "usw2-az1",
              "usw2-az2",
              "usw2-az3",
              "usw2-az4"
            ]
          },
          "sensitive_attributes": []
        }
      ]
    },
    {
      "mode": "managed",
      "type": "aws_eks_cluster",
      "name": "eks",
      "provider": "provider[\"registry.terraform.io/hashicorp/aws\"]",
      "instances": [
        {
          "schema_version": 0,
          "attributes": {
            "arn": "arn:aws:eks:us-west-2:138528343491:cluster/eks-cluster",
            "certificate_authority": [
              {
                "data": "LS0tLS1CRUdJTiBDRVJUSUZJQ0FURS0tLS0tCk1JSUM1ekNDQWMrZ0F3SUJBZ0lCQURBTkJna3Foa2lHOXcwQkFRc0ZBREFWTVJNd0VRWURWUVFERXdwcmRXSmwKY201bGRHVnpNQjRYRFRJeE1EVXhNekUwTURVd01Gb1hEVE14TURVeE1URTBNRFV3TUZvd0ZURVRNQkVHQTFVRQpBeE1LYTNWaVpYSnVaWFJsY3pDQ0FTSXdEUVlKS29aSWh2Y05BUUVCQlFBRGdnRVBBRENDQVFvQ2dnRUJBTkV5CmVuT1pYSkZLazZ0cnlLcnkyVng5dDVFbzUrbDZ0U3dPaFVhWGNndnVqRnVoSit6c2ZZdVBjblQ5ZGNneitRR0YKZ3ljYVlCWUxzNHBNM1o1UGRUQVNyaVEzWEVqN3g3OHBJclVQZDl5SzU2cUtHVGt4SjR5WlV2MXlscS9UQWZDLwpySzBpUFNKSS9SMUtFYmY1K1Z4OXpZTVMrdFprQXE3NGZSRmFNKzhQMHhnd2grSG8wc2NtbmVxd0g2M1MrNXlnCkw4UXFCTGZIeUlPY29UQkxoTGFUUUlXWVlLemUzWFhORm4wM0tQNWNQcTh4RGY1bVl6aUJFYlpZV3FiNThOQksKWU9ueWh2YXlFL3ZvZ1JnaE5jUHEvWjF3cE9iUGpEeDgwa2s1cTFrVWEzQlVQeHBMWWdzWVRLM3VSZEdjS3dseQpxV0doWnNtQ29XczJERHVreTlVQ0F3RUFBYU5DTUVBd0RnWURWUjBQQVFIL0JBUURBZ0trTUE4R0ExVWRFd0VCCi93UUZNQU1CQWY4d0hRWURWUjBPQkJZRUZCS0E1YWpxOGJVSDhZVklzdDh3NnM0ZHVPUkxNQTBHQ1NxR1NJYjMKRFFFQkN3VUFBNElCQVFCaVM5cFc1NW15TGEyTVJRTGRsZTI4V3Y2UEt4V3E1UWl3amxGeHJLVG1ydjA2b3lVNwpXUm8zOGJRck9lOC9RQktNbkNMWmMycldJTTZkTjBNNFRoUWVuTW5XSUVQUy9CL2pIeEtzZ2NIbFlyK0pzdTNEClh2TW1Zb084bWF1SzZQa3oyaGpIakdudDRqRm5Hb2J1SFpTdDNJMHB6U2ZFeTdTYWJCK3hkYytlcWRlMXR1aXMKekFDL0VIa281OXdzOFZpZXlzaHI5ankrMUNudEF3OGI2VGphRWNjbTVTaXA3M29VNlFSWWNGUmRJdjk0a2Z6ZwpxbDh5ZzI3aVpFS01zUERia1N1NCtFUFZWQjBjTDJqZEp1ZTM5NG00VkZkcWJ4T0h0QUM1aWVGaEI3RHNoakoyCnhIa0dTdDBjY0pjazVUc0pTK0NndjNqL000ZXlBVGJmRjU1SgotLS0tLUVORCBDRVJUSUZJQ0FURS0tLS0tCg=="
              }
            ],
            "created_at": "2021-05-13 13:58:57.114 +0000 UTC",
            "enabled_cluster_log_types": null,
            "encryption_config": [],
            "endpoint": "https://4D7D4ADC89E7921EA4C304635EE016D8.yl4.us-west-2.eks.amazonaws.com",
            "id": "eks-cluster",
            "identity": [
              {
                "oidc": [
                  {
                    "issuer": "https://oidc.eks.us-west-2.amazonaws.com/id/4D7D4ADC89E7921EA4C304635EE016D8"
                  }
                ]
              }
            ],
            "kubernetes_network_config": [
              {
                "service_ipv4_cidr": "172.20.0.0/16"
              }
            ],
            "name": "eks-cluster",
            "platform_version": "eks.4",
            "role_arn": "arn:aws:iam::138528343491:role/eks-cluster",
            "status": "ACTIVE",
            "tags": null,
            "tags_all": {},
            "timeouts": null,
            "version": "1.19",
            "vpc_config": [
              {
                "cluster_security_group_id": "sg-096a1f86a570500a9",
                "endpoint_private_access": false,
                "endpoint_public_access": true,
                "public_access_cidrs": [
                  "0.0.0.0/0"
                ],
                "security_group_ids": [
                  "sg-0bd6309d584892d88"
                ],
                "subnet_ids": [
                  "subnet-0771b92ba095e55c3",
                  "subnet-087504e8ed4dfa897"
                ],
                "vpc_id": "vpc-0b9ccfe068ed7fbe9"
              }
            ]
          },
          "sensitive_attributes": [],
          "private": "eyJlMmJmYjczMC1lY2FhLTExZTYtOGY4OC0zNDM2M2JjN2M0YzAiOnsiY3JlYXRlIjoxODAwMDAwMDAwMDAwLCJkZWxldGUiOjkwMDAwMDAwMDAwMCwidXBkYXRlIjozNjAwMDAwMDAwMDAwfX0=",
          "dependencies": [
            "aws_iam_role.eks-cluster",
            "aws_iam_role_policy_attachment.eks-cluster-AmazonEKSClusterPolicy",
            "aws_iam_role_policy_attachment.eks-cluster-AmazonEKSServicePolicy",
            "aws_security_group.eks-cluster",
            "aws_subnet.eks",
            "aws_vpc.eks",
            "data.aws_availability_zones.available"
          ],
          "create_before_destroy": true
        }
      ]
    },
    {
      "mode": "managed",
      "type": "aws_iam_role",
      "name": "eks-cluster",
      "provider": "provider[\"registry.terraform.io/hashicorp/aws\"]",
      "instances": [
        {
          "schema_version": 0,
          "attributes": {
            "arn": "arn:aws:iam::138528343491:role/eks-cluster",
            "assume_role_policy": "{\"Version\":\"2012-10-17\",\"Statement\":[{\"Effect\":\"Allow\",\"Principal\":{\"Service\":\"eks.amazonaws.com\"},\"Action\":\"sts:AssumeRole\"}]}",
            "create_date": "2021-05-13T13:58:34Z",
            "description": "",
            "force_detach_policies": false,
            "id": "eks-cluster",
            "inline_policy": [
              {
                "name": "",
                "policy": ""
              }
            ],
            "managed_policy_arns": [],
            "max_session_duration": 3600,
            "name": "eks-cluster",
            "name_prefix": null,
            "path": "/",
            "permissions_boundary": null,
            "tags": null,
            "tags_all": {},
            "unique_id": "AROASAQHOYXBSBDTAPKCU"
          },
          "sensitive_attributes": [],
          "private": "bnVsbA==",
          "create_before_destroy": true
        }
      ]
    },
    {
      "mode": "managed",
      "type": "aws_iam_role",
      "name": "eks-node",
      "provider": "provider[\"registry.terraform.io/hashicorp/aws\"]",
      "instances": [
        {
          "schema_version": 0,
          "attributes": {
            "arn": "arn:aws:iam::138528343491:role/eks-node",
            "assume_role_policy": "{\"Version\":\"2012-10-17\",\"Statement\":[{\"Effect\":\"Allow\",\"Principal\":{\"Service\":\"ec2.amazonaws.com\"},\"Action\":\"sts:AssumeRole\"}]}",
            "create_date": "2021-05-13T13:58:34Z",
            "description": "",
            "force_detach_policies": false,
            "id": "eks-node",
            "inline_policy": [
              {
                "name": "",
                "policy": ""
              }
            ],
            "managed_policy_arns": [],
            "max_session_duration": 3600,
            "name": "eks-node",
            "name_prefix": null,
            "path": "/",
            "permissions_boundary": null,
            "tags": null,
            "tags_all": {},
            "unique_id": "AROASAQHOYXB76SNXKA7X"
          },
          "sensitive_attributes": [],
          "private": "bnVsbA==",
          "create_before_destroy": true
        }
      ]
    },
    {
      "mode": "managed",
      "type": "aws_iam_role_policy_attachment",
      "name": "eks-cluster-AmazonEKSClusterPolicy",
      "provider": "provider[\"registry.terraform.io/hashicorp/aws\"]",
      "instances": [
        {
          "schema_version": 0,
          "attributes": {
            "id": "eks-cluster-20210513135838736600000005",
            "policy_arn": "arn:aws:iam::aws:policy/AmazonEKSClusterPolicy",
            "role": "eks-cluster"
          },
          "sensitive_attributes": [],
          "private": "bnVsbA==",
          "dependencies": [
            "aws_iam_role.eks-cluster"
          ],
          "create_before_destroy": true
        }
      ]
    },
    {
      "mode": "managed",
      "type": "aws_iam_role_policy_attachment",
      "name": "eks-cluster-AmazonEKSServicePolicy",
      "provider": "provider[\"registry.terraform.io/hashicorp/aws\"]",
      "instances": [
        {
          "schema_version": 0,
          "attributes": {
            "id": "eks-cluster-20210513135838729500000004",
            "policy_arn": "arn:aws:iam::aws:policy/AmazonEKSServicePolicy",
            "role": "eks-cluster"
          },
          "sensitive_attributes": [],
          "private": "bnVsbA==",
          "dependencies": [
            "aws_iam_role.eks-cluster"
          ],
          "create_before_destroy": true
        }
      ]
    },
    {
      "mode": "managed",
      "type": "aws_internet_gateway",
      "name": "eks-nat",
      "provider": "provider[\"registry.terraform.io/hashicorp/aws\"]",
      "instances": [
        {
          "schema_version": 0,
          "attributes": {
            "arn": "arn:aws:ec2:us-west-2:138528343491:internet-gateway/igw-0f5fff5bf44e723b0",
            "id": "igw-0f5fff5bf44e723b0",
            "owner_id": "138528343491",
            "tags": {
              "Name": "eks"
            },
            "tags_all": {
              "Name": "eks"
            },
            "vpc_id": "vpc-0b9ccfe068ed7fbe9"
          },
          "sensitive_attributes": [],
          "private": "bnVsbA==",
          "dependencies": [
            "aws_vpc.eks"
          ]
        }
      ]
    },
    {
      "mode": "managed",
      "type": "aws_security_group",
      "name": "eks-cluster",
      "provider": "provider[\"registry.terraform.io/hashicorp/aws\"]",
      "instances": [
        {
          "schema_version": 1,
          "attributes": {
            "arn": "arn:aws:ec2:us-west-2:138528343491:security-group/sg-0bd6309d584892d88",
            "description": "Cluster communication with worker nodes",
            "egress": [
              {
                "cidr_blocks": [
                  "0.0.0.0/0"
                ],
                "description": "",
                "from_port": 0,
                "ipv6_cidr_blocks": [],
                "prefix_list_ids": [],
                "protocol": "-1",
                "security_groups": [],
                "self": false,
                "to_port": 0
              }
            ],
            "id": "sg-0bd6309d584892d88",
            "ingress": [],
            "name": "eks-cluster",
            "name_prefix": "",
            "owner_id": "138528343491",
            "revoke_rules_on_delete": false,
            "tags": {
              "Name": "eks-cluster"
            },
            "tags_all": {
              "Name": "eks-cluster"
            },
            "timeouts": null,
            "vpc_id": "vpc-0b9ccfe068ed7fbe9"
          },
          "sensitive_attributes": [],
          "private": "eyJlMmJmYjczMC1lY2FhLTExZTYtOGY4OC0zNDM2M2JjN2M0YzAiOnsiY3JlYXRlIjo2MDAwMDAwMDAwMDAsImRlbGV0ZSI6OTAwMDAwMDAwMDAwfSwic2NoZW1hX3ZlcnNpb24iOiIxIn0=",
          "dependencies": [
            "aws_vpc.eks"
          ],
          "create_before_destroy": true
        }
      ]
    },
    {
      "mode": "managed",
      "type": "aws_subnet",
      "name": "eks",
      "provider": "provider[\"registry.terraform.io/hashicorp/aws\"]",
      "instances": [
        {
          "index_key": 0,
          "schema_version": 1,
          "attributes": {
            "arn": "arn:aws:ec2:us-west-2:138528343491:subnet/subnet-0771b92ba095e55c3",
            "assign_ipv6_address_on_creation": false,
            "availability_zone": "us-west-2a",
            "availability_zone_id": "usw2-az1",
            "cidr_block": "10.0.0.0/24",
            "customer_owned_ipv4_pool": "",
            "id": "subnet-0771b92ba095e55c3",
            "ipv6_cidr_block": "",
            "ipv6_cidr_block_association_id": "",
            "map_customer_owned_ip_on_launch": false,
            "map_public_ip_on_launch": false,
            "outpost_arn": "",
            "owner_id": "138528343491",
            "tags": {
              "Name": "eks-node",
              "kubernetes.io/cluster/eks-cluster": "shared"
            },
            "tags_all": {
              "Name": "eks-node",
              "kubernetes.io/cluster/eks-cluster": "shared"
            },
            "timeouts": null,
            "vpc_id": "vpc-0b9ccfe068ed7fbe9"
          },
          "sensitive_attributes": [],
          "private": "eyJlMmJmYjczMC1lY2FhLTExZTYtOGY4OC0zNDM2M2JjN2M0YzAiOnsiY3JlYXRlIjo2MDAwMDAwMDAwMDAsImRlbGV0ZSI6MTIwMDAwMDAwMDAwMH0sInNjaGVtYV92ZXJzaW9uIjoiMSJ9",
          "dependencies": [
            "aws_vpc.eks",
            "data.aws_availability_zones.available"
          ],
          "create_before_destroy": true
        },
        {
          "index_key": 1,
          "schema_version": 1,
          "attributes": {
            "arn": "arn:aws:ec2:us-west-2:138528343491:subnet/subnet-087504e8ed4dfa897",
            "assign_ipv6_address_on_creation": false,
            "availability_zone": "us-west-2b",
            "availability_zone_id": "usw2-az2",
            "cidr_block": "10.0.1.0/24",
            "customer_owned_ipv4_pool": "",
            "id": "subnet-087504e8ed4dfa897",
            "ipv6_cidr_block": "",
            "ipv6_cidr_block_association_id": "",
            "map_customer_owned_ip_on_launch": false,
            "map_public_ip_on_launch": false,
            "outpost_arn": "",
            "owner_id": "138528343491",
            "tags": {
              "Name": "eks-node",
              "kubernetes.io/cluster/eks-cluster": "shared"
            },
            "tags_all": {
              "Name": "eks-node",
              "kubernetes.io/cluster/eks-cluster": "shared"
            },
            "timeouts": null,
            "vpc_id": "vpc-0b9ccfe068ed7fbe9"
          },
          "sensitive_attributes": [],
          "private": "eyJlMmJmYjczMC1lY2FhLTExZTYtOGY4OC0zNDM2M2JjN2M0YzAiOnsiY3JlYXRlIjo2MDAwMDAwMDAwMDAsImRlbGV0ZSI6MTIwMDAwMDAwMDAwMH0sInNjaGVtYV92ZXJzaW9uIjoiMSJ9",
          "dependencies": [
            "aws_vpc.eks",
            "data.aws_availability_zones.available"
          ],
          "create_before_destroy": true
        }
      ]
    },
    {
      "mode": "managed",
      "type": "aws_vpc",
      "name": "eks",
      "provider": "provider[\"registry.terraform.io/hashicorp/aws\"]",
      "instances": [
        {
          "schema_version": 1,
          "attributes": {
            "arn": "arn:aws:ec2:us-west-2:138528343491:vpc/vpc-0b9ccfe068ed7fbe9",
            "assign_generated_ipv6_cidr_block": false,
            "cidr_block": "10.0.0.0/16",
            "default_network_acl_id": "acl-0c8aaaa12d5a061c2",
            "default_route_table_id": "rtb-003a9f7796e9a9c5b",
            "default_security_group_id": "sg-04140a040040a1eea",
            "dhcp_options_id": "dopt-87b2eaff",
            "enable_classiclink": false,
            "enable_classiclink_dns_support": false,
            "enable_dns_hostnames": false,
            "enable_dns_support": true,
            "id": "vpc-0b9ccfe068ed7fbe9",
            "instance_tenancy": "default",
            "ipv6_association_id": "",
            "ipv6_cidr_block": "",
            "main_route_table_id": "rtb-003a9f7796e9a9c5b",
            "owner_id": "138528343491",
            "tags": {
              "Name": "eks-node",
              "kubernetes.io/cluster/eks-cluster": "shared"
            },
            "tags_all": {
              "Name": "eks-node",
              "kubernetes.io/cluster/eks-cluster": "shared"
            }
          },
          "sensitive_attributes": [],
          "private": "eyJzY2hlbWFfdmVyc2lvbiI6IjEifQ==",
          "create_before_destroy": true
        }
      ]
    }
  ]
}
